Microsoft Visual Studio Solution File, Format Version 12.00
# Visual Studio Version 17
VisualStudioVersion = 17.5.2.0
MinimumVisualStudioVersion = 10.0.40219.1
Project("{FAE04EC0-301F-11D3-BF4B-00C04F79EFBC}") = "week10_1", "week10_1.csproj", "{D601B017-3FE7-A3F2-BE32-FBE948D69FEB}"
EndProject
Global
	GlobalSection(SolutionConfigurationPlatforms) = preSolution
		Debug|Any CPU = Debug|Any CPU
		Release|Any CPU = Release|Any CPU
	EndGlobalSection
	GlobalSection(ProjectConfigurationPlatforms) = postSolution
		{D601B017-3FE7-A3F2-BE32-FBE948D69FEB}.Debug|Any CPU.ActiveCfg = Debug|Any CPU
		{D601B017-3FE7-A3F2-BE32-FBE948D69FEB}.Debug|Any CPU.Build.0 = Debug|Any CPU
		{D601B017-3FE7-A3F2-BE32-FBE948D69FEB}.Release|Any CPU.ActiveCfg = Release|Any CPU
		{D601B017-3FE7-A3F2-BE32-FBE948D69FEB}.Release|Any CPU.Build.0 = Release|Any CPU
	EndGlobalSection
	GlobalSection(SolutionProperties) = preSolution
		HideSolutionNode = FALSE
	EndGlobalSection
	GlobalSection(ExtensibilityGlobals) = postSolution
		SolutionGuid = {9606F59F-EAAA-4A9F-A4CE-036331BC5C37}
	EndGlobalSection
EndGlobal
